
Microsoft Visual Studio Solution File, Format Version 12.00
# Visual Studio Version 16
VisualStudioVersion = 16.0.31605.320
MinimumVisualStudioVersion = 10.0.40219.1
Project("{2150E333-8FDC-42A3-9474-1A3956D46DE8}") = "Common", "Common", "{EE82723A-02E7-4066-AF08-058894E2DC27}"
EndProject
Project("{2150E333-8FDC-42A3-9474-1A3956D46DE8}") = "Data", "Data", "{B793D266-D029-4BB0-AEF6-DF6FA02D167B}"
EndProject
Project("{2150E333-8FDC-42A3-9474-1A3956D46DE8}") = "Protocol", "Protocol", "{FDC78507-939B-402F-B918-CDEB83A8A747}"
EndProject
Project("{2150E333-8FDC-42A3-9474-1A3956D46DE8}") = "UiSkin", "UiSkin", "{C75116E6-443D-49AD-A1C9-10C28AD1B2DD}"
EndProject
Project("{2150E333-8FDC-42A3-9474-1A3956D46DE8}") = "Utils", "Utils", "{FEB61F55-14C2-45F2-A776-4111435945D8}"
EndProject
Project("{2150E333-8FDC-42A3-9474-1A3956D46DE8}") = "Video", "Video", "{9CEC8C55-93F8-4838-93BA-0490CA12337D}"
EndProject
Project("{FAE04EC0-301F-11D3-BF4B-00C04F79EFBC}") = "AwareTec.Polysmith.Protocol", "AwareTec.Polysmith.Protocol\AwareTec.Polysmith.Protocol.csproj", "{05E0FCA0-04D0-4247-8208-4DC948E90600}"
EndProject
Project("{FAE04EC0-301F-11D3-BF4B-00C04F79EFBC}") = "pSystem.UI.DotNetCtl", "Peng\pSystem.UI.DotNetCtl\pSystem.UI.DotNetCtl.csproj", "{DCAE664B-1D94-4007-9733-FEAF68932FFE}"
EndProject
Project("{9A19103F-16F7-4668-BE54-9A1E7A4F7556}") = "pSystem.UI.ReaLTaiizor", "Peng\pSystem.UI.ReaLTaiizor\pSystem.UI.ReaLTaiizor.csproj", "{5FAC72DE-8FFF-4F79-8889-122D4E17DDA9}"
EndProject
Project("{FAE04EC0-301F-11D3-BF4B-00C04F79EFBC}") = "AwareTec.Polysmith.Util", "AwareTec.Polysmith.Util\AwareTec.Polysmith.Util.csproj", "{8E17279A-669D-486F-82A4-08669089A83B}"
EndProject
Project("{FAE04EC0-301F-11D3-BF4B-00C04F79EFBC}") = "pSystem.Interface.Util", "pSystem.Interface.Util\pSystem.Interface.Util.csproj", "{F0ED2AA0-3513-41DC-808B-C6727176AC03}"
EndProject
Project("{FAE04EC0-301F-11D3-BF4B-00C04F79EFBC}") = "AwareTec.Polysmith.Vedio", "AwareTec.Polysmith.Vedio\AwareTec.Polysmith.Vedio.csproj", "{970955EE-1622-4E1C-98F2-77EF1C322D1C}"
EndProject
Project("{FAE04EC0-301F-11D3-BF4B-00C04F79EFBC}") = "AwareTec.Polysmith.Vedio.UI", "AwareTec.Polysmith.Vedio.UI\AwareTec.Polysmith.Vedio.UI.csproj", "{4EDB5742-436E-435C-8B18-DD42F747BBF7}"
EndProject
Project("{FAE04EC0-301F-11D3-BF4B-00C04F79EFBC}") = "AwareTec.Polysmith.pChart", "AwareTec.Polysmith.pChart\AwareTec.Polysmith.pChart.csproj", "{CFA771B3-E669-4B28-A777-29C68FA6C5C4}"
EndProject
Project("{FAE04EC0-301F-11D3-BF4B-00C04F79EFBC}") = "pSystem.UI.Register", "Peng\pSystem.UI.Register\pSystem.UI.Register.csproj", "{A3A6906A-5581-43DF-B43B-5CE33FAFCA07}"
EndProject
Project("{2150E333-8FDC-42A3-9474-1A3956D46DE8}") = "DbModelLibrary", "DbModelLibrary", "{ADE0AF75-CF87-492B-B096-E9C642FF8DEC}"
EndProject
Project("{FAE04EC0-301F-11D3-BF4B-00C04F79EFBC}") = "AwareTec.Polysmith.UI", "AwareTec.Polysmith.UI.Standalone\AwareTec.Polysmith.UI.csproj", "{6A891B86-438E-4DD1-B862-C07B800109F4}"
EndProject
Project("{FAE04EC0-301F-11D3-BF4B-00C04F79EFBC}") = "AwareTec.Polysmith.DataCenter", "AwareTec.Polysmith.DataCenter\AwareTec.Polysmith.DataCenter.csproj", "{83345ACC-ABFD-4169-80CB-400EC9543B49}"
EndProject
Project("{FAE04EC0-301F-11D3-BF4B-00C04F79EFBC}") = "AwareTec.Polysmith.DataMangement", "AwareTec.Polysmith.DataMangement\AwareTec.Polysmith.DataMangement.csproj", "{558F4BD5-B7A5-41DD-9A8F-477692FBD55E}"
EndProject
Project("{FAE04EC0-301F-11D3-BF4B-00C04F79EFBC}") = "AwareTec.Polysmith.DataBaseCom", "AwareTec.Polysmith.DataBaseCom\AwareTec.Polysmith.DataBaseCom.csproj", "{1A560F1F-6E11-4A46-A4AA-6CC15508C5F4}"
EndProject
Project("{FAE04EC0-301F-11D3-BF4B-00C04F79EFBC}") = "pSystem.DataBaseHepler", "pSystem.DataBaseHepler\pSystem.DataBaseHepler.csproj", "{C8EAB912-33FC-4868-A1DC-D5CEDC717553}"
EndProject
Project("{2150E333-8FDC-42A3-9474-1A3956D46DE8}") = "Standalone", "Standalone", "{B8C48CA0-B7DD-4A5B-997A-EA3684C048C9}"
EndProject
Project("{FAE04EC0-301F-11D3-BF4B-00C04F79EFBC}") = "DataAnalysis", "DataAnalysis\DataAnalysis.csproj", "{DAB6ED3D-E282-4516-B661-4590FC571E51}"
EndProject
Global
	GlobalSection(SolutionConfigurationPlatforms) = preSolution
		Debug|Any CPU = Debug|Any CPU
		Release JP|Any CPU = Release JP|Any CPU
		Release|Any CPU = Release|Any CPU
	EndGlobalSection
	GlobalSection(ProjectConfigurationPlatforms) = postSolution
		{05E0FCA0-04D0-4247-8208-4DC948E90600}.Debug|Any CPU.ActiveCfg = Debug|Any CPU
		{05E0FCA0-04D0-4247-8208-4DC948E90600}.Debug|Any CPU.Build.0 = Debug|Any CPU
		{05E0FCA0-04D0-4247-8208-4DC948E90600}.Release JP|Any CPU.ActiveCfg = Release|Any CPU
		{05E0FCA0-04D0-4247-8208-4DC948E90600}.Release JP|Any CPU.Build.0 = Release|Any CPU
		{05E0FCA0-04D0-4247-8208-4DC948E90600}.Release|Any CPU.ActiveCfg = Release|Any CPU
		{05E0FCA0-04D0-4247-8208-4DC948E90600}.Release|Any CPU.Build.0 = Release|Any CPU
		{DCAE664B-1D94-4007-9733-FEAF68932FFE}.Debug|Any CPU.ActiveCfg = Debug|Any CPU
		{DCAE664B-1D94-4007-9733-FEAF68932FFE}.Debug|Any CPU.Build.0 = Debug|Any CPU
		{DCAE664B-1D94-4007-9733-FEAF68932FFE}.Release JP|Any CPU.ActiveCfg = Release|Any CPU
		{DCAE664B-1D94-4007-9733-FEAF68932FFE}.Release JP|Any CPU.Build.0 = Release|Any CPU
		{DCAE664B-1D94-4007-9733-FEAF68932FFE}.Release|Any CPU.ActiveCfg = Release|Any CPU
		{DCAE664B-1D94-4007-9733-FEAF68932FFE}.Release|Any CPU.Build.0 = Release|Any CPU
		{5FAC72DE-8FFF-4F79-8889-122D4E17DDA9}.Debug|Any CPU.ActiveCfg = Debug|Any CPU
		{5FAC72DE-8FFF-4F79-8889-122D4E17DDA9}.Debug|Any CPU.Build.0 = Debug|Any CPU
		{5FAC72DE-8FFF-4F79-8889-122D4E17DDA9}.Release JP|Any CPU.ActiveCfg = Release|Any CPU
		{5FAC72DE-8FFF-4F79-8889-122D4E17DDA9}.Release JP|Any CPU.Build.0 = Release|Any CPU
		{5FAC72DE-8FFF-4F79-8889-122D4E17DDA9}.Release|Any CPU.ActiveCfg = Release|Any CPU
		{5FAC72DE-8FFF-4F79-8889-122D4E17DDA9}.Release|Any CPU.Build.0 = Release|Any CPU
		{8E17279A-669D-486F-82A4-08669089A83B}.Debug|Any CPU.ActiveCfg = Debug|Any CPU
		{8E17279A-669D-486F-82A4-08669089A83B}.Debug|Any CPU.Build.0 = Debug|Any CPU
		{8E17279A-669D-486F-82A4-08669089A83B}.Release JP|Any CPU.ActiveCfg = Release|Any CPU
		{8E17279A-669D-486F-82A4-08669089A83B}.Release JP|Any CPU.Build.0 = Release|Any CPU
		{8E17279A-669D-486F-82A4-08669089A83B}.Release|Any CPU.ActiveCfg = Release|Any CPU
		{8E17279A-669D-486F-82A4-08669089A83B}.Release|Any CPU.Build.0 = Release|Any CPU
		{F0ED2AA0-3513-41DC-808B-C6727176AC03}.Debug|Any CPU.ActiveCfg = Debug|Any CPU
		{F0ED2AA0-3513-41DC-808B-C6727176AC03}.Debug|Any CPU.Build.0 = Debug|Any CPU
		{F0ED2AA0-3513-41DC-808B-C6727176AC03}.Release JP|Any CPU.ActiveCfg = Release|Any CPU
		{F0ED2AA0-3513-41DC-808B-C6727176AC03}.Release JP|Any CPU.Build.0 = Release|Any CPU
		{F0ED2AA0-3513-41DC-808B-C6727176AC03}.Release|Any CPU.ActiveCfg = Release|Any CPU
		{F0ED2AA0-3513-41DC-808B-C6727176AC03}.Release|Any CPU.Build.0 = Release|Any CPU
		{970955EE-1622-4E1C-98F2-77EF1C322D1C}.Debug|Any CPU.ActiveCfg = Debug|Any CPU
		{970955EE-1622-4E1C-98F2-77EF1C322D1C}.Debug|Any CPU.Build.0 = Debug|Any CPU
		{970955EE-1622-4E1C-98F2-77EF1C322D1C}.Release JP|Any CPU.ActiveCfg = Release|Any CPU
		{970955EE-1622-4E1C-98F2-77EF1C322D1C}.Release JP|Any CPU.Build.0 = Release|Any CPU
		{970955EE-1622-4E1C-98F2-77EF1C322D1C}.Release|Any CPU.ActiveCfg = Release|Any CPU
		{970955EE-1622-4E1C-98F2-77EF1C322D1C}.Release|Any CPU.Build.0 = Release|Any CPU
		{4EDB5742-436E-435C-8B18-DD42F747BBF7}.Debug|Any CPU.ActiveCfg = Debug|Any CPU
		{4EDB5742-436E-435C-8B18-DD42F747BBF7}.Debug|Any CPU.Build.0 = Debug|Any CPU
		{4EDB5742-436E-435C-8B18-DD42F747BBF7}.Release JP|Any CPU.ActiveCfg = Release|Any CPU
		{4EDB5742-436E-435C-8B18-DD42F747BBF7}.Release JP|Any CPU.Build.0 = Release|Any CPU
		{4EDB5742-436E-435C-8B18-DD42F747BBF7}.Release|Any CPU.ActiveCfg = Release|Any CPU
		{4EDB5742-436E-435C-8B18-DD42F747BBF7}.Release|Any CPU.Build.0 = Release|Any CPU
		{CFA771B3-E669-4B28-A777-29C68FA6C5C4}.Debug|Any CPU.ActiveCfg = Debug|Any CPU
		{CFA771B3-E669-4B28-A777-29C68FA6C5C4}.Debug|Any CPU.Build.0 = Debug|Any CPU
		{CFA771B3-E669-4B28-A777-29C68FA6C5C4}.Release JP|Any CPU.ActiveCfg = Release|Any CPU
		{CFA771B3-E669-4B28-A777-29C68FA6C5C4}.Release JP|Any CPU.Build.0 = Release|Any CPU
		{CFA771B3-E669-4B28-A777-29C68FA6C5C4}.Release|Any CPU.ActiveCfg = Release|Any CPU
		{CFA771B3-E669-4B28-A777-29C68FA6C5C4}.Release|Any CPU.Build.0 = Release|Any CPU
		{A3A6906A-5581-43DF-B43B-5CE33FAFCA07}.Debug|Any CPU.ActiveCfg = Debug|Any CPU
		{A3A6906A-5581-43DF-B43B-5CE33FAFCA07}.Debug|Any CPU.Build.0 = Debug|Any CPU
		{A3A6906A-5581-43DF-B43B-5CE33FAFCA07}.Release JP|Any CPU.ActiveCfg = Release|Any CPU
		{A3A6906A-5581-43DF-B43B-5CE33FAFCA07}.Release JP|Any CPU.Build.0 = Release|Any CPU
		{A3A6906A-5581-43DF-B43B-5CE33FAFCA07}.Release|Any CPU.ActiveCfg = Release|Any CPU
		{A3A6906A-5581-43DF-B43B-5CE33FAFCA07}.Release|Any CPU.Build.0 = Release|Any CPU
		{6A891B86-438E-4DD1-B862-C07B800109F4}.Debug|Any CPU.ActiveCfg = Debug|Any CPU
		{6A891B86-438E-4DD1-B862-C07B800109F4}.Debug|Any CPU.Build.0 = Debug|Any CPU
		{6A891B86-438E-4DD1-B862-C07B800109F4}.Release JP|Any CPU.ActiveCfg = Release|Any CPU
		{6A891B86-438E-4DD1-B862-C07B800109F4}.Release JP|Any CPU.Build.0 = Release|Any CPU
		{6A891B86-438E-4DD1-B862-C07B800109F4}.Release|Any CPU.ActiveCfg = Release|Any CPU
		{6A891B86-438E-4DD1-B862-C07B800109F4}.Release|Any CPU.Build.0 = Release|Any CPU
		{83345ACC-ABFD-4169-80CB-400EC9543B49}.Debug|Any CPU.ActiveCfg = Debug|Any CPU
		{83345ACC-ABFD-4169-80CB-400EC9543B49}.Debug|Any CPU.Build.0 = Debug|Any CPU
		{83345ACC-ABFD-4169-80CB-400EC9543B49}.Release JP|Any CPU.ActiveCfg = Release|Any CPU
		{83345ACC-ABFD-4169-80CB-400EC9543B49}.Release JP|Any CPU.Build.0 = Release|Any CPU
		{83345ACC-ABFD-4169-80CB-400EC9543B49}.Release|Any CPU.ActiveCfg = Release|Any CPU
		{83345ACC-ABFD-4169-80CB-400EC9543B49}.Release|Any CPU.Build.0 = Release|Any CPU
		{558F4BD5-B7A5-41DD-9A8F-477692FBD55E}.Debug|Any CPU.ActiveCfg = Debug|Any CPU
		{558F4BD5-B7A5-41DD-9A8F-477692FBD55E}.Debug|Any CPU.Build.0 = Debug|Any CPU
		{558F4BD5-B7A5-41DD-9A8F-477692FBD55E}.Release JP|Any CPU.ActiveCfg = Release|Any CPU
		{558F4BD5-B7A5-41DD-9A8F-477692FBD55E}.Release JP|Any CPU.Build.0 = Release|Any CPU
		{558F4BD5-B7A5-41DD-9A8F-477692FBD55E}.Release|Any CPU.ActiveCfg = Release|Any CPU
		{558F4BD5-B7A5-41DD-9A8F-477692FBD55E}.Release|Any CPU.Build.0 = Release|Any CPU
		{1A560F1F-6E11-4A46-A4AA-6CC15508C5F4}.Debug|Any CPU.ActiveCfg = Debug|Any CPU
		{1A560F1F-6E11-4A46-A4AA-6CC15508C5F4}.Debug|Any CPU.Build.0 = Debug|Any CPU
		{1A560F1F-6E11-4A46-A4AA-6CC15508C5F4}.Release JP|Any CPU.ActiveCfg = Release|Any CPU
		{1A560F1F-6E11-4A46-A4AA-6CC15508C5F4}.Release JP|Any CPU.Build.0 = Release|Any CPU
		{1A560F1F-6E11-4A46-A4AA-6CC15508C5F4}.Release|Any CPU.ActiveCfg = Release|Any CPU
		{1A560F1F-6E11-4A46-A4AA-6CC15508C5F4}.Release|Any CPU.Build.0 = Release|Any CPU
		{C8EAB912-33FC-4868-A1DC-D5CEDC717553}.Debug|Any CPU.ActiveCfg = Debug|Any CPU
		{C8EAB912-33FC-4868-A1DC-D5CEDC717553}.Debug|Any CPU.Build.0 = Debug|Any CPU
		{C8EAB912-33FC-4868-A1DC-D5CEDC717553}.Release JP|Any CPU.ActiveCfg = Release|Any CPU
		{C8EAB912-33FC-4868-A1DC-D5CEDC717553}.Release JP|Any CPU.Build.0 = Release|Any CPU
		{C8EAB912-33FC-4868-A1DC-D5CEDC717553}.Release|Any CPU.ActiveCfg = Release|Any CPU
		{C8EAB912-33FC-4868-A1DC-D5CEDC717553}.Release|Any CPU.Build.0 = Release|Any CPU
		{DAB6ED3D-E282-4516-B661-4590FC571E51}.Debug|Any CPU.ActiveCfg = Debug|Any CPU
		{DAB6ED3D-E282-4516-B661-4590FC571E51}.Debug|Any CPU.Build.0 = Debug|Any CPU
		{DAB6ED3D-E282-4516-B661-4590FC571E51}.Release JP|Any CPU.ActiveCfg = Release|Any CPU
		{DAB6ED3D-E282-4516-B661-4590FC571E51}.Release JP|Any CPU.Build.0 = Release|Any CPU
		{DAB6ED3D-E282-4516-B661-4590FC571E51}.Release|Any CPU.ActiveCfg = Release|Any CPU
		{DAB6ED3D-E282-4516-B661-4590FC571E51}.Release|Any CPU.Build.0 = Release|Any CPU
	EndGlobalSection
	GlobalSection(SolutionProperties) = preSolution
		HideSolutionNode = FALSE
	EndGlobalSection
	GlobalSection(NestedProjects) = preSolution
		{B793D266-D029-4BB0-AEF6-DF6FA02D167B} = {EE82723A-02E7-4066-AF08-058894E2DC27}
		{FDC78507-939B-402F-B918-CDEB83A8A747} = {EE82723A-02E7-4066-AF08-058894E2DC27}
		{C75116E6-443D-49AD-A1C9-10C28AD1B2DD} = {EE82723A-02E7-4066-AF08-058894E2DC27}
		{FEB61F55-14C2-45F2-A776-4111435945D8} = {EE82723A-02E7-4066-AF08-058894E2DC27}
		{9CEC8C55-93F8-4838-93BA-0490CA12337D} = {B8C48CA0-B7DD-4A5B-997A-EA3684C048C9}
		{05E0FCA0-04D0-4247-8208-4DC948E90600} = {FDC78507-939B-402F-B918-CDEB83A8A747}
		{DCAE664B-1D94-4007-9733-FEAF68932FFE} = {C75116E6-443D-49AD-A1C9-10C28AD1B2DD}
		{5FAC72DE-8FFF-4F79-8889-122D4E17DDA9} = {C75116E6-443D-49AD-A1C9-10C28AD1B2DD}
		{8E17279A-669D-486F-82A4-08669089A83B} = {FEB61F55-14C2-45F2-A776-4111435945D8}
		{F0ED2AA0-3513-41DC-808B-C6727176AC03} = {FEB61F55-14C2-45F2-A776-4111435945D8}
		{970955EE-1622-4E1C-98F2-77EF1C322D1C} = {9CEC8C55-93F8-4838-93BA-0490CA12337D}
		{4EDB5742-436E-435C-8B18-DD42F747BBF7} = {9CEC8C55-93F8-4838-93BA-0490CA12337D}
		{CFA771B3-E669-4B28-A777-29C68FA6C5C4} = {EE82723A-02E7-4066-AF08-058894E2DC27}
		{A3A6906A-5581-43DF-B43B-5CE33FAFCA07} = {EE82723A-02E7-4066-AF08-058894E2DC27}
		{83345ACC-ABFD-4169-80CB-400EC9543B49} = {B793D266-D029-4BB0-AEF6-DF6FA02D167B}
		{558F4BD5-B7A5-41DD-9A8F-477692FBD55E} = {B793D266-D029-4BB0-AEF6-DF6FA02D167B}
		{1A560F1F-6E11-4A46-A4AA-6CC15508C5F4} = {ADE0AF75-CF87-492B-B096-E9C642FF8DEC}
		{C8EAB912-33FC-4868-A1DC-D5CEDC717553} = {B793D266-D029-4BB0-AEF6-DF6FA02D167B}
		{DAB6ED3D-E282-4516-B661-4590FC571E51} = {EE82723A-02E7-4066-AF08-058894E2DC27}
	EndGlobalSection
	GlobalSection(ExtensibilityGlobals) = postSolution
		SolutionGuid = {B6B89F5D-456C-40AA-B6B3-2CEF23216F66}
	EndGlobalSection
EndGlobal
