
Microsoft Visual Studio Solution File, Format Version 12.00
# Visual Studio Version 16
VisualStudioVersion = 16.0.33130.400
MinimumVisualStudioVersion = 10.0.40219.1
Project("{2150E333-8FDC-42A3-9474-1A3956D46DE8}") = "Common", "Common", "{65F3B945-7912-4C5C-8AB3-9CEA5A4FB1E6}"
EndProject
Project("{2150E333-8FDC-42A3-9474-1A3956D46DE8}") = "Data", "Data", "{C614A89C-BFFB-4EEB-ABFE-2895B69D9F39}"
EndProject
Project("{2150E333-8FDC-42A3-9474-1A3956D46DE8}") = "Protocol", "Protocol", "{D89570D1-F25D-4319-8FC6-165190EFADC0}"
EndProject
Project("{2150E333-8FDC-42A3-9474-1A3956D46DE8}") = "UiSkin", "UiSkin", "{E2E4A5A8-C967-433B-8814-2EEBD95EE18E}"
EndProject
Project("{2150E333-8FDC-42A3-9474-1A3956D46DE8}") = "Utils", "Utils", "{CFB700C4-74A2-43E6-AF40-39DC9DEA347D}"
EndProject
Project("{FAE04EC0-301F-11D3-BF4B-00C04F79EFBC}") = "AwareTec.Polysmith.DataCenter", "AwareTec.Polysmith.DataCenter\AwareTec.Polysmith.DataCenter.csproj", "{83345ACC-ABFD-4169-80CB-400EC9543B49}"
EndProject
Project("{FAE04EC0-301F-11D3-BF4B-00C04F79EFBC}") = "AwareTec.Polysmith.DataMangement", "AwareTec.Polysmith.DataMangement\AwareTec.Polysmith.DataMangement.csproj", "{558F4BD5-B7A5-41DD-9A8F-477692FBD55E}"
EndProject
Project("{FAE04EC0-301F-11D3-BF4B-00C04F79EFBC}") = "pSystem.DataBaseHepler", "pSystem.DataBaseHepler\pSystem.DataBaseHepler.csproj", "{C8EAB912-33FC-4868-A1DC-D5CEDC717553}"
EndProject
Project("{FAE04EC0-301F-11D3-BF4B-00C04F79EFBC}") = "AwareTec.Polysmith.Protocol", "AwareTec.Polysmith.Protocol\AwareTec.Polysmith.Protocol.csproj", "{05E0FCA0-04D0-4247-8208-4DC948E90600}"
EndProject
Project("{FAE04EC0-301F-11D3-BF4B-00C04F79EFBC}") = "pSystem.Communication.Com", "Peng\pSystem.Communication.Com\pSystem.Communication.Com.csproj", "{DE424C0E-AFF1-4544-B763-2FB354625A75}"
EndProject
Project("{FAE04EC0-301F-11D3-BF4B-00C04F79EFBC}") = "pSystem.UI.DotNetCtl", "Peng\pSystem.UI.DotNetCtl\pSystem.UI.DotNetCtl.csproj", "{DCAE664B-1D94-4007-9733-FEAF68932FFE}"
EndProject
Project("{FAE04EC0-301F-11D3-BF4B-00C04F79EFBC}") = "pSystem.Interface.Util", "pSystem.Interface.Util\pSystem.Interface.Util.csproj", "{F0ED2AA0-3513-41DC-808B-C6727176AC03}"
EndProject
Project("{FAE04EC0-301F-11D3-BF4B-00C04F79EFBC}") = "AwareTec.Polysmith.Util", "AwareTec.Polysmith.Util\AwareTec.Polysmith.Util.csproj", "{8E17279A-669D-486F-82A4-08669089A83B}"
EndProject
Project("{FAE04EC0-301F-11D3-BF4B-00C04F79EFBC}") = "pSystem.LogManagement", "Peng\pSystem.LogManagement\pSystem.LogManagement.csproj", "{B9C80B32-6A8A-4129-BA82-53F76D2D7E33}"
EndProject
Project("{FAE04EC0-301F-11D3-BF4B-00C04F79EFBC}") = "pSystem.UI.Register", "Peng\pSystem.UI.Register\pSystem.UI.Register.csproj", "{A3A6906A-5581-43DF-B43B-5CE33FAFCA07}"
EndProject
Project("{FAE04EC0-301F-11D3-BF4B-00C04F79EFBC}") = "OpenCvSharp", "OpenCvSharp\OpenCvSharp.csproj", "{4C2356B8-1A1E-4F92-A51C-A49CA116867F}"
EndProject
Project("{FAE04EC0-301F-11D3-BF4B-00C04F79EFBC}") = "AwareTec.Polysmith.pChart", "AwareTec.Polysmith.pChart\AwareTec.Polysmith.pChart.csproj", "{CFA771B3-E669-4B28-A777-29C68FA6C5C4}"
EndProject
Project("{2150E333-8FDC-42A3-9474-1A3956D46DE8}") = "Cloud", "Cloud", "{EF7891BB-FDBB-4B5E-91E6-05334810ED7E}"
EndProject
Project("{2150E333-8FDC-42A3-9474-1A3956D46DE8}") = "DbModelLibrary", "DbModelLibrary", "{AF282558-6D96-48BB-AF51-61C6586E0042}"
EndProject
Project("{FAE04EC0-301F-11D3-BF4B-00C04F79EFBC}") = "Physio.Polysmith.DataInstanceCom", "Physio.Polysmith.DataInstanceCom\Physio.Polysmith.DataInstanceCom.csproj", "{765D2B31-3106-4F16-997B-6E5089E80700}"
EndProject
Project("{FAE04EC0-301F-11D3-BF4B-00C04F79EFBC}") = "AwareTec.Polysmith.DataBaseCom", "AwareTec.Polysmith.DataBaseCom\AwareTec.Polysmith.DataBaseCom.csproj", "{1A560F1F-6E11-4A46-A4AA-6CC15508C5F4}"
EndProject
Project("{FAE04EC0-301F-11D3-BF4B-00C04F79EFBC}") = "EncryptForm", "EncryptForm\EncryptForm.csproj", "{26BBA75B-654E-4BF6-A38E-EFE925B56372}"
EndProject
Project("{FAE04EC0-301F-11D3-BF4B-00C04F79EFBC}") = "RestfulWebRequest", "RestfulWebRequest\RestfulWebRequest.csproj", "{B52D4481-4865-4623-94D3-51967BB9DF60}"
EndProject
Project("{2150E333-8FDC-42A3-9474-1A3956D46DE8}") = "Tool", "Tool", "{F49B6381-3DCE-4B17-940F-43EE04B014B9}"
EndProject
Project("{FAE04EC0-301F-11D3-BF4B-00C04F79EFBC}") = "DataBaseCodeBuild", "DataBaseCodeBuild\DataBaseCodeBuild.csproj", "{DE08E055-9FBC-48A0-B1C5-A0233629C28F}"
EndProject
Project("{9A19103F-16F7-4668-BE54-9A1E7A4F7556}") = "pSystem.UI.ReaLTaiizor", "Peng\pSystem.UI.ReaLTaiizor\pSystem.UI.ReaLTaiizor.csproj", "{BE28AD5F-4CDC-4671-A4EE-3FF375C89066}"
EndProject
Project("{FAE04EC0-301F-11D3-BF4B-00C04F79EFBC}") = "AwareTec.Polysmith.Cloud.UI", "AwareTec.Polysmith.Cloud.UI\AwareTec.Polysmith.Cloud.UI.csproj", "{126D1142-9659-494A-AB9D-91E6343841BB}"
EndProject
Project("{FAE04EC0-301F-11D3-BF4B-00C04F79EFBC}") = "AwareTec.Polysmith.UI", "AwareTec.Polysmith.UI.Standalone\AwareTec.Polysmith.UI.csproj", "{6A891B86-438E-4DD1-B862-C07B800109F4}"
EndProject
Project("{FAE04EC0-301F-11D3-BF4B-00C04F79EFBC}") = "Test", "Test\Test.csproj", "{BE09C2D7-D6A1-48A8-88A4-A2CC3C2A68D8}"
EndProject
Project("{FAE04EC0-301F-11D3-BF4B-00C04F79EFBC}") = "MinimalistUI", "MinimalistUI\MinimalistUI.csproj", "{9EF3C929-7A50-44E1-A7F4-BE7932FFFBF5}"
EndProject
Global
	GlobalSection(SolutionConfigurationPlatforms) = preSolution
		Debug|Any CPU = Debug|Any CPU
		Release JP|Any CPU = Release JP|Any CPU
		Release|Any CPU = Release|Any CPU
	EndGlobalSection
	GlobalSection(ProjectConfigurationPlatforms) = postSolution
		{83345ACC-ABFD-4169-80CB-400EC9543B49}.Debug|Any CPU.ActiveCfg = Debug|Any CPU
		{83345ACC-ABFD-4169-80CB-400EC9543B49}.Debug|Any CPU.Build.0 = Debug|Any CPU
		{83345ACC-ABFD-4169-80CB-400EC9543B49}.Release JP|Any CPU.ActiveCfg = Release|Any CPU
		{83345ACC-ABFD-4169-80CB-400EC9543B49}.Release JP|Any CPU.Build.0 = Release|Any CPU
		{83345ACC-ABFD-4169-80CB-400EC9543B49}.Release|Any CPU.ActiveCfg = Release|Any CPU
		{83345ACC-ABFD-4169-80CB-400EC9543B49}.Release|Any CPU.Build.0 = Release|Any CPU
		{558F4BD5-B7A5-41DD-9A8F-477692FBD55E}.Debug|Any CPU.ActiveCfg = Debug|Any CPU
		{558F4BD5-B7A5-41DD-9A8F-477692FBD55E}.Debug|Any CPU.Build.0 = Debug|Any CPU
		{558F4BD5-B7A5-41DD-9A8F-477692FBD55E}.Release JP|Any CPU.ActiveCfg = Release|Any CPU
		{558F4BD5-B7A5-41DD-9A8F-477692FBD55E}.Release JP|Any CPU.Build.0 = Release|Any CPU
		{558F4BD5-B7A5-41DD-9A8F-477692FBD55E}.Release|Any CPU.ActiveCfg = Release|Any CPU
		{558F4BD5-B7A5-41DD-9A8F-477692FBD55E}.Release|Any CPU.Build.0 = Release|Any CPU
		{C8EAB912-33FC-4868-A1DC-D5CEDC717553}.Debug|Any CPU.ActiveCfg = Debug|Any CPU
		{C8EAB912-33FC-4868-A1DC-D5CEDC717553}.Debug|Any CPU.Build.0 = Debug|Any CPU
		{C8EAB912-33FC-4868-A1DC-D5CEDC717553}.Release JP|Any CPU.ActiveCfg = Release|Any CPU
		{C8EAB912-33FC-4868-A1DC-D5CEDC717553}.Release JP|Any CPU.Build.0 = Release|Any CPU
		{C8EAB912-33FC-4868-A1DC-D5CEDC717553}.Release|Any CPU.ActiveCfg = Release|Any CPU
		{C8EAB912-33FC-4868-A1DC-D5CEDC717553}.Release|Any CPU.Build.0 = Release|Any CPU
		{05E0FCA0-04D0-4247-8208-4DC948E90600}.Debug|Any CPU.ActiveCfg = Debug|Any CPU
		{05E0FCA0-04D0-4247-8208-4DC948E90600}.Debug|Any CPU.Build.0 = Debug|Any CPU
		{05E0FCA0-04D0-4247-8208-4DC948E90600}.Release JP|Any CPU.ActiveCfg = Release|Any CPU
		{05E0FCA0-04D0-4247-8208-4DC948E90600}.Release JP|Any CPU.Build.0 = Release|Any CPU
		{05E0FCA0-04D0-4247-8208-4DC948E90600}.Release|Any CPU.ActiveCfg = Release|Any CPU
		{05E0FCA0-04D0-4247-8208-4DC948E90600}.Release|Any CPU.Build.0 = Release|Any CPU
		{DE424C0E-AFF1-4544-B763-2FB354625A75}.Debug|Any CPU.ActiveCfg = Debug|Any CPU
		{DE424C0E-AFF1-4544-B763-2FB354625A75}.Debug|Any CPU.Build.0 = Debug|Any CPU
		{DE424C0E-AFF1-4544-B763-2FB354625A75}.Release JP|Any CPU.ActiveCfg = Release|Any CPU
		{DE424C0E-AFF1-4544-B763-2FB354625A75}.Release JP|Any CPU.Build.0 = Release|Any CPU
		{DE424C0E-AFF1-4544-B763-2FB354625A75}.Release|Any CPU.ActiveCfg = Release|Any CPU
		{DE424C0E-AFF1-4544-B763-2FB354625A75}.Release|Any CPU.Build.0 = Release|Any CPU
		{DCAE664B-1D94-4007-9733-FEAF68932FFE}.Debug|Any CPU.ActiveCfg = Debug|Any CPU
		{DCAE664B-1D94-4007-9733-FEAF68932FFE}.Debug|Any CPU.Build.0 = Debug|Any CPU
		{DCAE664B-1D94-4007-9733-FEAF68932FFE}.Release JP|Any CPU.ActiveCfg = Release|Any CPU
		{DCAE664B-1D94-4007-9733-FEAF68932FFE}.Release JP|Any CPU.Build.0 = Release|Any CPU
		{DCAE664B-1D94-4007-9733-FEAF68932FFE}.Release|Any CPU.ActiveCfg = Release|Any CPU
		{DCAE664B-1D94-4007-9733-FEAF68932FFE}.Release|Any CPU.Build.0 = Release|Any CPU
		{F0ED2AA0-3513-41DC-808B-C6727176AC03}.Debug|Any CPU.ActiveCfg = Debug|Any CPU
		{F0ED2AA0-3513-41DC-808B-C6727176AC03}.Debug|Any CPU.Build.0 = Debug|Any CPU
		{F0ED2AA0-3513-41DC-808B-C6727176AC03}.Release JP|Any CPU.ActiveCfg = Release|Any CPU
		{F0ED2AA0-3513-41DC-808B-C6727176AC03}.Release JP|Any CPU.Build.0 = Release|Any CPU
		{F0ED2AA0-3513-41DC-808B-C6727176AC03}.Release|Any CPU.ActiveCfg = Release|Any CPU
		{F0ED2AA0-3513-41DC-808B-C6727176AC03}.Release|Any CPU.Build.0 = Release|Any CPU
		{8E17279A-669D-486F-82A4-08669089A83B}.Debug|Any CPU.ActiveCfg = Debug|Any CPU
		{8E17279A-669D-486F-82A4-08669089A83B}.Debug|Any CPU.Build.0 = Debug|Any CPU
		{8E17279A-669D-486F-82A4-08669089A83B}.Release JP|Any CPU.ActiveCfg = Release|Any CPU
		{8E17279A-669D-486F-82A4-08669089A83B}.Release JP|Any CPU.Build.0 = Release|Any CPU
		{8E17279A-669D-486F-82A4-08669089A83B}.Release|Any CPU.ActiveCfg = Release|Any CPU
		{8E17279A-669D-486F-82A4-08669089A83B}.Release|Any CPU.Build.0 = Release|Any CPU
		{B9C80B32-6A8A-4129-BA82-53F76D2D7E33}.Debug|Any CPU.ActiveCfg = Debug|Any CPU
		{B9C80B32-6A8A-4129-BA82-53F76D2D7E33}.Debug|Any CPU.Build.0 = Debug|Any CPU
		{B9C80B32-6A8A-4129-BA82-53F76D2D7E33}.Release JP|Any CPU.ActiveCfg = Release|Any CPU
		{B9C80B32-6A8A-4129-BA82-53F76D2D7E33}.Release JP|Any CPU.Build.0 = Release|Any CPU
		{B9C80B32-6A8A-4129-BA82-53F76D2D7E33}.Release|Any CPU.ActiveCfg = Release|Any CPU
		{B9C80B32-6A8A-4129-BA82-53F76D2D7E33}.Release|Any CPU.Build.0 = Release|Any CPU
		{A3A6906A-5581-43DF-B43B-5CE33FAFCA07}.Debug|Any CPU.ActiveCfg = Debug|Any CPU
		{A3A6906A-5581-43DF-B43B-5CE33FAFCA07}.Debug|Any CPU.Build.0 = Debug|Any CPU
		{A3A6906A-5581-43DF-B43B-5CE33FAFCA07}.Release JP|Any CPU.ActiveCfg = Release|Any CPU
		{A3A6906A-5581-43DF-B43B-5CE33FAFCA07}.Release JP|Any CPU.Build.0 = Release|Any CPU
		{A3A6906A-5581-43DF-B43B-5CE33FAFCA07}.Release|Any CPU.ActiveCfg = Release|Any CPU
		{A3A6906A-5581-43DF-B43B-5CE33FAFCA07}.Release|Any CPU.Build.0 = Release|Any CPU
		{4C2356B8-1A1E-4F92-A51C-A49CA116867F}.Debug|Any CPU.ActiveCfg = Debug|Any CPU
		{4C2356B8-1A1E-4F92-A51C-A49CA116867F}.Debug|Any CPU.Build.0 = Debug|Any CPU
		{4C2356B8-1A1E-4F92-A51C-A49CA116867F}.Release JP|Any CPU.ActiveCfg = Release JP|Any CPU
		{4C2356B8-1A1E-4F92-A51C-A49CA116867F}.Release JP|Any CPU.Build.0 = Release JP|Any CPU
		{4C2356B8-1A1E-4F92-A51C-A49CA116867F}.Release|Any CPU.ActiveCfg = Release|Any CPU
		{4C2356B8-1A1E-4F92-A51C-A49CA116867F}.Release|Any CPU.Build.0 = Release|Any CPU
		{CFA771B3-E669-4B28-A777-29C68FA6C5C4}.Debug|Any CPU.ActiveCfg = Debug|Any CPU
		{CFA771B3-E669-4B28-A777-29C68FA6C5C4}.Debug|Any CPU.Build.0 = Debug|Any CPU
		{CFA771B3-E669-4B28-A777-29C68FA6C5C4}.Release JP|Any CPU.ActiveCfg = Release|Any CPU
		{CFA771B3-E669-4B28-A777-29C68FA6C5C4}.Release JP|Any CPU.Build.0 = Release|Any CPU
		{CFA771B3-E669-4B28-A777-29C68FA6C5C4}.Release|Any CPU.ActiveCfg = Release|Any CPU
		{CFA771B3-E669-4B28-A777-29C68FA6C5C4}.Release|Any CPU.Build.0 = Release|Any CPU
		{765D2B31-3106-4F16-997B-6E5089E80700}.Debug|Any CPU.ActiveCfg = Debug|Any CPU
		{765D2B31-3106-4F16-997B-6E5089E80700}.Debug|Any CPU.Build.0 = Debug|Any CPU
		{765D2B31-3106-4F16-997B-6E5089E80700}.Release JP|Any CPU.ActiveCfg = Release|Any CPU
		{765D2B31-3106-4F16-997B-6E5089E80700}.Release JP|Any CPU.Build.0 = Release|Any CPU
		{765D2B31-3106-4F16-997B-6E5089E80700}.Release|Any CPU.ActiveCfg = Release|Any CPU
		{765D2B31-3106-4F16-997B-6E5089E80700}.Release|Any CPU.Build.0 = Release|Any CPU
		{1A560F1F-6E11-4A46-A4AA-6CC15508C5F4}.Debug|Any CPU.ActiveCfg = Debug|Any CPU
		{1A560F1F-6E11-4A46-A4AA-6CC15508C5F4}.Debug|Any CPU.Build.0 = Debug|Any CPU
		{1A560F1F-6E11-4A46-A4AA-6CC15508C5F4}.Release JP|Any CPU.ActiveCfg = Release|Any CPU
		{1A560F1F-6E11-4A46-A4AA-6CC15508C5F4}.Release JP|Any CPU.Build.0 = Release|Any CPU
		{1A560F1F-6E11-4A46-A4AA-6CC15508C5F4}.Release|Any CPU.ActiveCfg = Release|Any CPU
		{1A560F1F-6E11-4A46-A4AA-6CC15508C5F4}.Release|Any CPU.Build.0 = Release|Any CPU
		{26BBA75B-654E-4BF6-A38E-EFE925B56372}.Debug|Any CPU.ActiveCfg = Debug|Any CPU
		{26BBA75B-654E-4BF6-A38E-EFE925B56372}.Debug|Any CPU.Build.0 = Debug|Any CPU
		{26BBA75B-654E-4BF6-A38E-EFE925B56372}.Release JP|Any CPU.ActiveCfg = Release|Any CPU
		{26BBA75B-654E-4BF6-A38E-EFE925B56372}.Release JP|Any CPU.Build.0 = Release|Any CPU
		{26BBA75B-654E-4BF6-A38E-EFE925B56372}.Release|Any CPU.ActiveCfg = Release|Any CPU
		{26BBA75B-654E-4BF6-A38E-EFE925B56372}.Release|Any CPU.Build.0 = Release|Any CPU
		{B52D4481-4865-4623-94D3-51967BB9DF60}.Debug|Any CPU.ActiveCfg = Debug|Any CPU
		{B52D4481-4865-4623-94D3-51967BB9DF60}.Debug|Any CPU.Build.0 = Debug|Any CPU
		{B52D4481-4865-4623-94D3-51967BB9DF60}.Release JP|Any CPU.ActiveCfg = Release|Any CPU
		{B52D4481-4865-4623-94D3-51967BB9DF60}.Release JP|Any CPU.Build.0 = Release|Any CPU
		{B52D4481-4865-4623-94D3-51967BB9DF60}.Release|Any CPU.ActiveCfg = Release|Any CPU
		{B52D4481-4865-4623-94D3-51967BB9DF60}.Release|Any CPU.Build.0 = Release|Any CPU
		{DE08E055-9FBC-48A0-B1C5-A0233629C28F}.Debug|Any CPU.ActiveCfg = Debug|Any CPU
		{DE08E055-9FBC-48A0-B1C5-A0233629C28F}.Debug|Any CPU.Build.0 = Debug|Any CPU
		{DE08E055-9FBC-48A0-B1C5-A0233629C28F}.Release JP|Any CPU.ActiveCfg = Release|Any CPU
		{DE08E055-9FBC-48A0-B1C5-A0233629C28F}.Release JP|Any CPU.Build.0 = Release|Any CPU
		{DE08E055-9FBC-48A0-B1C5-A0233629C28F}.Release|Any CPU.ActiveCfg = Release|Any CPU
		{DE08E055-9FBC-48A0-B1C5-A0233629C28F}.Release|Any CPU.Build.0 = Release|Any CPU
		{BE28AD5F-4CDC-4671-A4EE-3FF375C89066}.Debug|Any CPU.ActiveCfg = Debug|Any CPU
		{BE28AD5F-4CDC-4671-A4EE-3FF375C89066}.Debug|Any CPU.Build.0 = Debug|Any CPU
		{BE28AD5F-4CDC-4671-A4EE-3FF375C89066}.Release JP|Any CPU.ActiveCfg = Release|Any CPU
		{BE28AD5F-4CDC-4671-A4EE-3FF375C89066}.Release JP|Any CPU.Build.0 = Release|Any CPU
		{BE28AD5F-4CDC-4671-A4EE-3FF375C89066}.Release|Any CPU.ActiveCfg = Release|Any CPU
		{BE28AD5F-4CDC-4671-A4EE-3FF375C89066}.Release|Any CPU.Build.0 = Release|Any CPU
		{126D1142-9659-494A-AB9D-91E6343841BB}.Debug|Any CPU.ActiveCfg = Debug|Any CPU
		{126D1142-9659-494A-AB9D-91E6343841BB}.Debug|Any CPU.Build.0 = Debug|Any CPU
		{126D1142-9659-494A-AB9D-91E6343841BB}.Release JP|Any CPU.ActiveCfg = Release|Any CPU
		{126D1142-9659-494A-AB9D-91E6343841BB}.Release JP|Any CPU.Build.0 = Release|Any CPU
		{126D1142-9659-494A-AB9D-91E6343841BB}.Release|Any CPU.ActiveCfg = Release|Any CPU
		{126D1142-9659-494A-AB9D-91E6343841BB}.Release|Any CPU.Build.0 = Release|Any CPU
		{6A891B86-438E-4DD1-B862-C07B800109F4}.Debug|Any CPU.ActiveCfg = Debug|Any CPU
		{6A891B86-438E-4DD1-B862-C07B800109F4}.Debug|Any CPU.Build.0 = Debug|Any CPU
		{6A891B86-438E-4DD1-B862-C07B800109F4}.Release JP|Any CPU.ActiveCfg = Release|Any CPU
		{6A891B86-438E-4DD1-B862-C07B800109F4}.Release JP|Any CPU.Build.0 = Release|Any CPU
		{6A891B86-438E-4DD1-B862-C07B800109F4}.Release|Any CPU.ActiveCfg = Release|Any CPU
		{6A891B86-438E-4DD1-B862-C07B800109F4}.Release|Any CPU.Build.0 = Release|Any CPU
		{BE09C2D7-D6A1-48A8-88A4-A2CC3C2A68D8}.Debug|Any CPU.ActiveCfg = Debug|Any CPU
		{BE09C2D7-D6A1-48A8-88A4-A2CC3C2A68D8}.Debug|Any CPU.Build.0 = Debug|Any CPU
		{BE09C2D7-D6A1-48A8-88A4-A2CC3C2A68D8}.Release JP|Any CPU.ActiveCfg = Release|Any CPU
		{BE09C2D7-D6A1-48A8-88A4-A2CC3C2A68D8}.Release JP|Any CPU.Build.0 = Release|Any CPU
		{BE09C2D7-D6A1-48A8-88A4-A2CC3C2A68D8}.Release|Any CPU.ActiveCfg = Release|Any CPU
		{BE09C2D7-D6A1-48A8-88A4-A2CC3C2A68D8}.Release|Any CPU.Build.0 = Release|Any CPU
		{9EF3C929-7A50-44E1-A7F4-BE7932FFFBF5}.Debug|Any CPU.ActiveCfg = Debug|Any CPU
		{9EF3C929-7A50-44E1-A7F4-BE7932FFFBF5}.Debug|Any CPU.Build.0 = Debug|Any CPU
		{9EF3C929-7A50-44E1-A7F4-BE7932FFFBF5}.Release JP|Any CPU.ActiveCfg = Release|Any CPU
		{9EF3C929-7A50-44E1-A7F4-BE7932FFFBF5}.Release JP|Any CPU.Build.0 = Release|Any CPU
		{9EF3C929-7A50-44E1-A7F4-BE7932FFFBF5}.Release|Any CPU.ActiveCfg = Release|Any CPU
		{9EF3C929-7A50-44E1-A7F4-BE7932FFFBF5}.Release|Any CPU.Build.0 = Release|Any CPU
	EndGlobalSection
	GlobalSection(SolutionProperties) = preSolution
		HideSolutionNode = FALSE
	EndGlobalSection
	GlobalSection(NestedProjects) = preSolution
		{C614A89C-BFFB-4EEB-ABFE-2895B69D9F39} = {65F3B945-7912-4C5C-8AB3-9CEA5A4FB1E6}
		{D89570D1-F25D-4319-8FC6-165190EFADC0} = {65F3B945-7912-4C5C-8AB3-9CEA5A4FB1E6}
		{E2E4A5A8-C967-433B-8814-2EEBD95EE18E} = {65F3B945-7912-4C5C-8AB3-9CEA5A4FB1E6}
		{CFB700C4-74A2-43E6-AF40-39DC9DEA347D} = {65F3B945-7912-4C5C-8AB3-9CEA5A4FB1E6}
		{83345ACC-ABFD-4169-80CB-400EC9543B49} = {C614A89C-BFFB-4EEB-ABFE-2895B69D9F39}
		{558F4BD5-B7A5-41DD-9A8F-477692FBD55E} = {C614A89C-BFFB-4EEB-ABFE-2895B69D9F39}
		{C8EAB912-33FC-4868-A1DC-D5CEDC717553} = {C614A89C-BFFB-4EEB-ABFE-2895B69D9F39}
		{05E0FCA0-04D0-4247-8208-4DC948E90600} = {D89570D1-F25D-4319-8FC6-165190EFADC0}
		{DE424C0E-AFF1-4544-B763-2FB354625A75} = {D89570D1-F25D-4319-8FC6-165190EFADC0}
		{DCAE664B-1D94-4007-9733-FEAF68932FFE} = {E2E4A5A8-C967-433B-8814-2EEBD95EE18E}
		{F0ED2AA0-3513-41DC-808B-C6727176AC03} = {CFB700C4-74A2-43E6-AF40-39DC9DEA347D}
		{8E17279A-669D-486F-82A4-08669089A83B} = {CFB700C4-74A2-43E6-AF40-39DC9DEA347D}
		{B9C80B32-6A8A-4129-BA82-53F76D2D7E33} = {65F3B945-7912-4C5C-8AB3-9CEA5A4FB1E6}
		{A3A6906A-5581-43DF-B43B-5CE33FAFCA07} = {65F3B945-7912-4C5C-8AB3-9CEA5A4FB1E6}
		{4C2356B8-1A1E-4F92-A51C-A49CA116867F} = {65F3B945-7912-4C5C-8AB3-9CEA5A4FB1E6}
		{CFA771B3-E669-4B28-A777-29C68FA6C5C4} = {65F3B945-7912-4C5C-8AB3-9CEA5A4FB1E6}
		{765D2B31-3106-4F16-997B-6E5089E80700} = {AF282558-6D96-48BB-AF51-61C6586E0042}
		{1A560F1F-6E11-4A46-A4AA-6CC15508C5F4} = {AF282558-6D96-48BB-AF51-61C6586E0042}
		{26BBA75B-654E-4BF6-A38E-EFE925B56372} = {EF7891BB-FDBB-4B5E-91E6-05334810ED7E}
		{B52D4481-4865-4623-94D3-51967BB9DF60} = {EF7891BB-FDBB-4B5E-91E6-05334810ED7E}
		{DE08E055-9FBC-48A0-B1C5-A0233629C28F} = {F49B6381-3DCE-4B17-940F-43EE04B014B9}
		{BE28AD5F-4CDC-4671-A4EE-3FF375C89066} = {E2E4A5A8-C967-433B-8814-2EEBD95EE18E}
		{9EF3C929-7A50-44E1-A7F4-BE7932FFFBF5} = {EF7891BB-FDBB-4B5E-91E6-05334810ED7E}
	EndGlobalSection
	GlobalSection(ExtensibilityGlobals) = postSolution
		SolutionGuid = {37E1D059-6380-4B90-89AA-798F4B213143}
	EndGlobalSection
EndGlobal
